// !$*UTF8*$!
{
	archiveVersion = 1;
	classes = {
	};
	objectVersion = 46;
	objects = {

/* Begin PBXBuildFile section */
		79B823F41E08417200078617 /* AppDelegate.swift in Sources */ = {isa = PBXBuildFile; fileRef = 79B823F31E08417200078617 /* AppDelegate.swift */; };
		79B823F61E08417200078617 /* ViewController.swift in Sources */ = {isa = PBXBuildFile; fileRef = 79B823F51E08417200078617 /* ViewController.swift */; };
		79B823F91E08417200078617 /* Main.storyboard in Resources */ = {isa = PBXBuildFile; fileRef = 79B823F71E08417200078617 /* Main.storyboard */; };
		79B823FB1E08417200078617 /* Assets.xcassets in Resources */ = {isa = PBXBuildFile; fileRef = 79B823FA1E08417200078617 /* Assets.xcassets */; };
		79B823FE1E08417200078617 /* LaunchScreen.storyboard in Resources */ = {isa = PBXBuildFile; fileRef = 79B823FC1E08417200078617 /* LaunchScreen.storyboard */; };
		79B8242B1E08431600078617 /* frame_0_delay-0.1s.gif in Resources */ = {isa = PBXBuildFile; fileRef = 79B824061E08431600078617 /* frame_0_delay-0.1s.gif */; };
		79B8242C1E08431600078617 /* frame_1_delay-0.1s.gif in Resources */ = {isa = PBXBuildFile; fileRef = 79B824071E08431600078617 /* frame_1_delay-0.1s.gif */; };
		79B8242D1E08431600078617 /* frame_2_delay-0.1s.gif in Resources */ = {isa = PBXBuildFile; fileRef = 79B824081E08431600078617 /* frame_2_delay-0.1s.gif */; };
		79B8242E1E08431600078617 /* frame_3_delay-0.1s.gif in Resources */ = {isa = PBXBuildFile; fileRef = 79B824091E08431600078617 /* frame_3_delay-0.1s.gif */; };
		79B8242F1E08431600078617 /* frame_4_delay-0.1s.gif in Resources */ = {isa = PBXBuildFile; fileRef = 79B8240A1E08431600078617 /* frame_4_delay-0.1s.gif */; };
		79B824301E08431600078617 /* frame_5_delay-0.1s.gif in Resources */ = {isa = PBXBuildFile; fileRef = 79B8240B1E08431600078617 /* frame_5_delay-0.1s.gif */; };
		79B824311E08431600078617 /* frame_6_delay-0.1s.gif in Resources */ = {isa = PBXBuildFile; fileRef = 79B8240C1E08431600078617 /* frame_6_delay-0.1s.gif */; };
		79B824321E08431600078617 /* frame_7_delay-0.1s.gif in Resources */ = {isa = PBXBuildFile; fileRef = 79B8240D1E08431600078617 /* frame_7_delay-0.1s.gif */; };
		79B824331E08431600078617 /* frame_8_delay-0.1s.gif in Resources */ = {isa = PBXBuildFile; fileRef = 79B8240E1E08431600078617 /* frame_8_delay-0.1s.gif */; };
		79B824341E08431600078617 /* frame_9_delay-0.1s.gif in Resources */ = {isa = PBXBuildFile; fileRef = 79B8240F1E08431600078617 /* frame_9_delay-0.1s.gif */; };
		79B824351E08431600078617 /* frame_10_delay-0.1s.gif in Resources */ = {isa = PBXBuildFile; fileRef = 79B824101E08431600078617 /* frame_10_delay-0.1s.gif */; };
		79B824361E08431600078617 /* frame_11_delay-0.1s.gif in Resources */ = {isa = PBXBuildFile; fileRef = 79B824111E08431600078617 /* frame_11_delay-0.1s.gif */; };
		79B824371E08431600078617 /* frame_12_delay-0.1s.gif in Resources */ = {isa = PBXBuildFile; fileRef = 79B824121E08431600078617 /* frame_12_delay-0.1s.gif */; };
		79B824381E08431600078617 /* frame_13_delay-0.1s.gif in Resources */ = {isa = PBXBuildFile; fileRef = 79B824131E08431600078617 /* frame_13_delay-0.1s.gif */; };
		79B824391E08431600078617 /* frame_14_delay-0.1s.gif in Resources */ = {isa = PBXBuildFile; fileRef = 79B824141E08431600078617 /* frame_14_delay-0.1s.gif */; };
		79B8243A1E08431600078617 /* frame_15_delay-0.1s.gif in Resources */ = {isa = PBXBuildFile; fileRef = 79B824151E08431600078617 /* frame_15_delay-0.1s.gif */; };
		79B8243B1E08431600078617 /* frame_16_delay-0.1s.gif in Resources */ = {isa = PBXBuildFile; fileRef = 79B824161E08431600078617 /* frame_16_delay-0.1s.gif */; };
		79B8243C1E08431600078617 /* frame_17_delay-0.1s.gif in Resources */ = {isa = PBXBuildFile; fileRef = 79B824171E08431600078617 /* frame_17_delay-0.1s.gif */; };
		79B8243D1E08431600078617 /* frame_18_delay-0.1s.gif in Resources */ = {isa = PBXBuildFile; fileRef = 79B824181E08431600078617 /* frame_18_delay-0.1s.gif */; };
		79B8243E1E08431600078617 /* frame_19_delay-0.1s.gif in Resources */ = {isa = PBXBuildFile; fileRef = 79B824191E08431600078617 /* frame_19_delay-0.1s.gif */; };
		79B8243F1E08431600078617 /* frame_20_delay-0.1s.gif in Resources */ = {isa = PBXBuildFile; fileRef = 79B8241A1E08431600078617 /* frame_20_delay-0.1s.gif */; };
		79B824401E08431600078617 /* frame_21_delay-0.1s.gif in Resources */ = {isa = PBXBuildFile; fileRef = 79B8241B1E08431600078617 /* frame_21_delay-0.1s.gif */; };
		79B824411E08431600078617 /* frame_22_delay-0.1s.gif in Resources */ = {isa = PBXBuildFile; fileRef = 79B8241C1E08431600078617 /* frame_22_delay-0.1s.gif */; };
		79B824421E08431600078617 /* frame_23_delay-0.1s.gif in Resources */ = {isa = PBXBuildFile; fileRef = 79B8241D1E08431600078617 /* frame_23_delay-0.1s.gif */; };
		79B824431E08431600078617 /* frame_24_delay-0.1s.gif in Resources */ = {isa = PBXBuildFile; fileRef = 79B8241E1E08431600078617 /* frame_24_delay-0.1s.gif */; };
		79B824441E08431600078617 /* frame_25_delay-0.1s.gif in Resources */ = {isa = PBXBuildFile; fileRef = 79B8241F1E08431600078617 /* frame_25_delay-0.1s.gif */; };
		79B824451E08431600078617 /* frame_26_delay-0.1s.gif in Resources */ = {isa = PBXBuildFile; fileRef = 79B824201E08431600078617 /* frame_26_delay-0.1s.gif */; };
		79B824461E08431600078617 /* frame_27_delay-0.1s.gif in Resources */ = {isa = PBXBuildFile; fileRef = 79B824211E08431600078617 /* frame_27_delay-0.1s.gif */; };
		79B824471E08431600078617 /* frame_28_delay-0.1s.gif in Resources */ = {isa = PBXBuildFile; fileRef = 79B824221E08431600078617 /* frame_28_delay-0.1s.gif */; };
		79B824481E08431600078617 /* frame_29_delay-0.1s.gif in Resources */ = {isa = PBXBuildFile; fileRef = 79B824231E08431600078617 /* frame_29_delay-0.1s.gif */; };
		79B824491E08431600078617 /* frame_30_delay-0.1s.gif in Resources */ = {isa = PBXBuildFile; fileRef = 79B824241E08431600078617 /* frame_30_delay-0.1s.gif */; };
		79B8244A1E08431600078617 /* frame_31_delay-0.1s.gif in Resources */ = {isa = PBXBuildFile; fileRef = 79B824251E08431600078617 /* frame_31_delay-0.1s.gif */; };
		79B8244B1E08431600078617 /* frame_32_delay-0.1s.gif in Resources */ = {isa = PBXBuildFile; fileRef = 79B824261E08431600078617 /* frame_32_delay-0.1s.gif */; };
		79B8244C1E08431600078617 /* frame_33_delay-0.1s.gif in Resources */ = {isa = PBXBuildFile; fileRef = 79B824271E08431600078617 /* frame_33_delay-0.1s.gif */; };
		79B8244D1E08431600078617 /* frame_34_delay-0.1s.gif in Resources */ = {isa = PBXBuildFile; fileRef = 79B824281E08431600078617 /* frame_34_delay-0.1s.gif */; };
		79B8244E1E08431600078617 /* frame_35_delay-0.1s.gif in Resources */ = {isa = PBXBuildFile; fileRef = 79B824291E08431600078617 /* frame_35_delay-0.1s.gif */; };
		79B8244F1E08431600078617 /* frame_36_delay-0.1s.gif in Resources */ = {isa = PBXBuildFile; fileRef = 79B8242A1E08431600078617 /* frame_36_delay-0.1s.gif */; };
/* End PBXBuildFile section */

/* Begin PBXFileReference section */
		79B823F01E08417200078617 /* Animations.app */ = {isa = PBXFileReference; explicitFileType = wrapper.application; includeInIndex = 0; path = Animations.app; sourceTree = BUILT_PRODUCTS_DIR; };
		79B823F31E08417200078617 /* AppDelegate.swift */ = {isa = PBXFileReference; lastKnownFileType = sourcecode.swift; path = AppDelegate.swift; sourceTree = "<group>"; };
		79B823F51E08417200078617 /* ViewController.swift */ = {isa = PBXFileReference; lastKnownFileType = sourcecode.swift; path = ViewController.swift; sourceTree = "<group>"; };
		79B823F81E08417200078617 /* Base */ = {isa = PBXFileReference; lastKnownFileType = file.storyboard; name = Base; path = Base.lproj/Main.storyboard; sourceTree = "<group>"; };
		79B823FA1E08417200078617 /* Assets.xcassets */ = {isa = PBXFileReference; lastKnownFileType = folder.assetcatalog; path = Assets.xcassets; sourceTree = "<group>"; };
		79B823FD1E08417200078617 /* Base */ = {isa = PBXFileReference; lastKnownFileType = file.storyboard; name = Base; path = Base.lproj/LaunchScreen.storyboard; sourceTree = "<group>"; };
		79B823FF1E08417200078617 /* Info.plist */ = {isa = PBXFileReference; lastKnownFileType = text.plist.xml; path = Info.plist; sourceTree = "<group>"; };
		79B824061E08431600078617 /* frame_0_delay-0.1s.gif */ = {isa = PBXFileReference; lastKnownFileType = image.gif; path = "frame_0_delay-0.1s.gif"; sourceTree = "<group>"; };
		79B824071E08431600078617 /* frame_1_delay-0.1s.gif */ = {isa = PBXFileReference; lastKnownFileType = image.gif; path = "frame_1_delay-0.1s.gif"; sourceTree = "<group>"; };
		79B824081E08431600078617 /* frame_2_delay-0.1s.gif */ = {isa = PBXFileReference; lastKnownFileType = image.gif; path = "frame_2_delay-0.1s.gif"; sourceTree = "<group>"; };
		79B824091E08431600078617 /* frame_3_delay-0.1s.gif */ = {isa = PBXFileReference; lastKnownFileType = image.gif; path = "frame_3_delay-0.1s.gif"; sourceTree = "<group>"; };
		79B8240A1E08431600078617 /* frame_4_delay-0.1s.gif */ = {isa = PBXFileReference; lastKnownFileType = image.gif; path = "frame_4_delay-0.1s.gif"; sourceTree = "<group>"; };
		79B8240B1E08431600078617 /* frame_5_delay-0.1s.gif */ = {isa = PBXFileReference; lastKnownFileType = image.gif; path = "frame_5_delay-0.1s.gif"; sourceTree = "<group>"; };
		79B8240C1E08431600078617 /* frame_6_delay-0.1s.gif */ = {isa = PBXFileReference; lastKnownFileType = image.gif; path = "frame_6_delay-0.1s.gif"; sourceTree = "<group>"; };
		79B8240D1E08431600078617 /* frame_7_delay-0.1s.gif */ = {isa = PBXFileReference; lastKnownFileType = image.gif; path = "frame_7_delay-0.1s.gif"; sourceTree = "<group>"; };
		79B8240E1E08431600078617 /* frame_8_delay-0.1s.gif */ = {isa = PBXFileReference; lastKnownFileType = image.gif; path = "frame_8_delay-0.1s.gif"; sourceTree = "<group>"; };
		79B8240F1E08431600078617 /* frame_9_delay-0.1s.gif */ = {isa = PBXFileReference; lastKnownFileType = image.gif; path = "frame_9_delay-0.1s.gif"; sourceTree = "<group>"; };
		79B824101E08431600078617 /* frame_10_delay-0.1s.gif */ = {isa = PBXFileReference; lastKnownFileType = image.gif; path = "frame_10_delay-0.1s.gif"; sourceTree = "<group>"; };
		79B824111E08431600078617 /* frame_11_delay-0.1s.gif */ = {isa = PBXFileReference; lastKnownFileType = image.gif; path = "frame_11_delay-0.1s.gif"; sourceTree = "<group>"; };
		79B824121E08431600078617 /* frame_12_delay-0.1s.gif */ = {isa = PBXFileReference; lastKnownFileType = image.gif; path = "frame_12_delay-0.1s.gif"; sourceTree = "<group>"; };
		79B824131E08431600078617 /* frame_13_delay-0.1s.gif */ = {isa = PBXFileReference; lastKnownFileType = image.gif; path = "frame_13_delay-0.1s.gif"; sourceTree = "<group>"; };
		79B824141E08431600078617 /* frame_14_delay-0.1s.gif */ = {isa = PBXFileReference; lastKnownFileType = image.gif; path = "frame_14_delay-0.1s.gif"; sourceTree = "<group>"; };
		79B824151E08431600078617 /* frame_15_delay-0.1s.gif */ = {isa = PBXFileReference; lastKnownFileType = image.gif; path = "frame_15_delay-0.1s.gif"; sourceTree = "<group>"; };
		79B824161E08431600078617 /* frame_16_delay-0.1s.gif */ = {isa = PBXFileReference; lastKnownFileType = image.gif; path = "frame_16_delay-0.1s.gif"; sourceTree = "<group>"; };
		79B824171E08431600078617 /* frame_17_delay-0.1s.gif */ = {isa = PBXFileReference; lastKnownFileType = image.gif; path = "frame_17_delay-0.1s.gif"; sourceTree = "<group>"; };
		79B824181E08431600078617 /* frame_18_delay-0.1s.gif */ = {isa = PBXFileReference; lastKnownFileType = image.gif; path = "frame_18_delay-0.1s.gif"; sourceTree = "<group>"; };
		79B824191E08431600078617 /* frame_19_delay-0.1s.gif */ = {isa = PBXFileReference; lastKnownFileType = image.gif; path = "frame_19_delay-0.1s.gif"; sourceTree = "<group>"; };
		79B8241A1E08431600078617 /* frame_20_delay-0.1s.gif */ = {isa = PBXFileReference; lastKnownFileType = image.gif; path = "frame_20_delay-0.1s.gif"; sourceTree = "<group>"; };
		79B8241B1E08431600078617 /* frame_21_delay-0.1s.gif */ = {isa = PBXFileReference; lastKnownFileType = image.gif; path = "frame_21_delay-0.1s.gif"; sourceTree = "<group>"; };
		79B8241C1E08431600078617 /* frame_22_delay-0.1s.gif */ = {isa = PBXFileReference; lastKnownFileType = image.gif; path = "frame_22_delay-0.1s.gif"; sourceTree = "<group>"; };
		79B8241D1E08431600078617 /* frame_23_delay-0.1s.gif */ = {isa = PBXFileReference; lastKnownFileType = image.gif; path = "frame_23_delay-0.1s.gif"; sourceTree = "<group>"; };
		79B8241E1E08431600078617 /* frame_24_delay-0.1s.gif */ = {isa = PBXFileReference; lastKnownFileType = image.gif; path = "frame_24_delay-0.1s.gif"; sourceTree = "<group>"; };
		79B8241F1E08431600078617 /* frame_25_delay-0.1s.gif */ = {isa = PBXFileReference; lastKnownFileType = image.gif; path = "frame_25_delay-0.1s.gif"; sourceTree = "<group>"; };
		79B824201E08431600078617 /* frame_26_delay-0.1s.gif */ = {isa = PBXFileReference; lastKnownFileType = image.gif; path = "frame_26_delay-0.1s.gif"; sourceTree = "<group>"; };
		79B824211E08431600078617 /* frame_27_delay-0.1s.gif */ = {isa = PBXFileReference; lastKnownFileType = image.gif; path = "frame_27_delay-0.1s.gif"; sourceTree = "<group>"; };
		79B824221E08431600078617 /* frame_28_delay-0.1s.gif */ = {isa = PBXFileReference; lastKnownFileType = image.gif; path = "frame_28_delay-0.1s.gif"; sourceTree = "<group>"; };
		79B824231E08431600078617 /* frame_29_delay-0.1s.gif */ = {isa = PBXFileReference; lastKnownFileType = image.gif; path = "frame_29_delay-0.1s.gif"; sourceTree = "<group>"; };
		79B824241E08431600078617 /* frame_30_delay-0.1s.gif */ = {isa = PBXFileReference; lastKnownFileType = image.gif; path = "frame_30_delay-0.1s.gif"; sourceTree = "<group>"; };
		79B824251E08431600078617 /* frame_31_delay-0.1s.gif */ = {isa = PBXFileReference; lastKnownFileType = image.gif; path = "frame_31_delay-0.1s.gif"; sourceTree = "<group>"; };
		79B824261E08431600078617 /* frame_32_delay-0.1s.gif */ = {isa = PBXFileReference; lastKnownFileType = image.gif; path = "frame_32_delay-0.1s.gif"; sourceTree = "<group>"; };
		79B824271E08431600078617 /* frame_33_delay-0.1s.gif */ = {isa = PBXFileReference; lastKnownFileType = image.gif; path = "frame_33_delay-0.1s.gif"; sourceTree = "<group>"; };
		79B824281E08431600078617 /* frame_34_delay-0.1s.gif */ = {isa = PBXFileReference; lastKnownFileType = image.gif; path = "frame_34_delay-0.1s.gif"; sourceTree = "<group>"; };
		79B824291E08431600078617 /* frame_35_delay-0.1s.gif */ = {isa = PBXFileReference; lastKnownFileType = image.gif; path = "frame_35_delay-0.1s.gif"; sourceTree = "<group>"; };
		79B8242A1E08431600078617 /* frame_36_delay-0.1s.gif */ = {isa = PBXFileReference; lastKnownFileType = image.gif; path = "frame_36_delay-0.1s.gif"; sourceTree = "<group>"; };
/* End PBXFileReference section */

/* Begin PBXFrameworksBuildPhase section */
		79B823ED1E08417100078617 /* Frameworks */ = {
			isa = PBXFrameworksBuildPhase;
			buildActionMask = 2147483647;
			files = (
			);
			runOnlyForDeploymentPostprocessing = 0;
		};
/* End PBXFrameworksBuildPhase section */

/* Begin PBXGroup section */
		79B823E71E08417100078617 = {
			isa = PBXGroup;
			children = (
				79B823F21E08417200078617 /* Animations */,
				79B823F11E08417200078617 /* Products */,
			);
			sourceTree = "<group>";
		};
		79B823F11E08417200078617 /* Products */ = {
			isa = PBXGroup;
			children = (
				79B823F01E08417200078617 /* Animations.app */,
			);
			name = Products;
			sourceTree = "<group>";
		};
		79B823F21E08417200078617 /* Animations */ = {
			isa = PBXGroup;
			children = (
				79B824051E08430B00078617 /* GIFs */,
				79B823F31E08417200078617 /* AppDelegate.swift */,
				79B823F51E08417200078617 /* ViewController.swift */,
				79B823F71E08417200078617 /* Main.storyboard */,
				79B823FA1E08417200078617 /* Assets.xcassets */,
				79B823FC1E08417200078617 /* LaunchScreen.storyboard */,
				79B823FF1E08417200078617 /* Info.plist */,
			);
			path = Animations;
			sourceTree = "<group>";
		};
		79B824051E08430B00078617 /* GIFs */ = {
			isa = PBXGroup;
			children = (
				79B824061E08431600078617 /* frame_0_delay-0.1s.gif */,
				79B824071E08431600078617 /* frame_1_delay-0.1s.gif */,
				79B824081E08431600078617 /* frame_2_delay-0.1s.gif */,
				79B824091E08431600078617 /* frame_3_delay-0.1s.gif */,
				79B8240A1E08431600078617 /* frame_4_delay-0.1s.gif */,
				79B8240B1E08431600078617 /* frame_5_delay-0.1s.gif */,
				79B8240C1E08431600078617 /* frame_6_delay-0.1s.gif */,
				79B8240D1E08431600078617 /* frame_7_delay-0.1s.gif */,
				79B8240E1E08431600078617 /* frame_8_delay-0.1s.gif */,
				79B8240F1E08431600078617 /* frame_9_delay-0.1s.gif */,
				79B824101E08431600078617 /* frame_10_delay-0.1s.gif */,
				79B824111E08431600078617 /* frame_11_delay-0.1s.gif */,
				79B824121E08431600078617 /* frame_12_delay-0.1s.gif */,
				79B824131E08431600078617 /* frame_13_delay-0.1s.gif */,
				79B824141E08431600078617 /* frame_14_delay-0.1s.gif */,
				79B824151E08431600078617 /* frame_15_delay-0.1s.gif */,
				79B824161E08431600078617 /* frame_16_delay-0.1s.gif */,
				79B824171E08431600078617 /* frame_17_delay-0.1s.gif */,
				79B824181E08431600078617 /* frame_18_delay-0.1s.gif */,
				79B824191E08431600078617 /* frame_19_delay-0.1s.gif */,
				79B8241A1E08431600078617 /* frame_20_delay-0.1s.gif */,
				79B8241B1E08431600078617 /* frame_21_delay-0.1s.gif */,
				79B8241C1E08431600078617 /* frame_22_delay-0.1s.gif */,
				79B8241D1E08431600078617 /* frame_23_delay-0.1s.gif */,
				79B8241E1E08431600078617 /* frame_24_delay-0.1s.gif */,
				79B8241F1E08431600078617 /* frame_25_delay-0.1s.gif */,
				79B824201E08431600078617 /* frame_26_delay-0.1s.gif */,
				79B824211E08431600078617 /* frame_27_delay-0.1s.gif */,
				79B824221E08431600078617 /* frame_28_delay-0.1s.gif */,
				79B824231E08431600078617 /* frame_29_delay-0.1s.gif */,
				79B824241E08431600078617 /* frame_30_delay-0.1s.gif */,
				79B824251E08431600078617 /* frame_31_delay-0.1s.gif */,
				79B824261E08431600078617 /* frame_32_delay-0.1s.gif */,
				79B824271E08431600078617 /* frame_33_delay-0.1s.gif */,
				79B824281E08431600078617 /* frame_34_delay-0.1s.gif */,
				79B824291E08431600078617 /* frame_35_delay-0.1s.gif */,
				79B8242A1E08431600078617 /* frame_36_delay-0.1s.gif */,
			);
			name = GIFs;
			sourceTree = "<group>";
		};
/* End PBXGroup section */

/* Begin PBXNativeTarget section */
		79B823EF1E08417100078617 /* Animations */ = {
			isa = PBXNativeTarget;
			buildConfigurationList = 79B824021E08417200078617 /* Build configuration list for PBXNativeTarget "Animations" */;
			buildPhases = (
				79B823EC1E08417100078617 /* Sources */,
				79B823ED1E08417100078617 /* Frameworks */,
				79B823EE1E08417100078617 /* Resources */,
			);
			buildRules = (
			);
			dependencies = (
			);
			name = Animations;
			productName = Animations;
			productReference = 79B823F01E08417200078617 /* Animations.app */;
			productType = "com.apple.product-type.application";
		};
/* End PBXNativeTarget section */

/* Begin PBXProject section */
		79B823E81E08417100078617 /* Project object */ = {
			isa = PBXProject;
			attributes = {
				LastSwiftUpdateCheck = 0820;
				LastUpgradeCheck = 0820;
				ORGANIZATIONNAME = Lion;
				TargetAttributes = {
					79B823EF1E08417100078617 = {
						CreatedOnToolsVersion = 8.2;
						DevelopmentTeam = 8M22RP3VPG;
						ProvisioningStyle = Automatic;
					};
				};
			};
			buildConfigurationList = 79B823EB1E08417100078617 /* Build configuration list for PBXProject "Animations" */;
			compatibilityVersion = "Xcode 3.2";
			developmentRegion = English;
			hasScannedForEncodings = 0;
			knownRegions = (
				en,
				Base,
			);
			mainGroup = 79B823E71E08417100078617;
			productRefGroup = 79B823F11E08417200078617 /* Products */;
			projectDirPath = "";
			projectRoot = "";
			targets = (
				79B823EF1E08417100078617 /* Animations */,
			);
		};
/* End PBXProject section */

/* Begin PBXResourcesBuildPhase section */
		79B823EE1E08417100078617 /* Resources */ = {
			isa = PBXResourcesBuildPhase;
			buildActionMask = 2147483647;
			files = (
				79B824461E08431600078617 /* frame_27_delay-0.1s.gif in Resources */,
				79B823FE1E08417200078617 /* LaunchScreen.storyboard in Resources */,
				79B824401E08431600078617 /* frame_21_delay-0.1s.gif in Resources */,
				79B824481E08431600078617 /* frame_29_delay-0.1s.gif in Resources */,
				79B824311E08431600078617 /* frame_6_delay-0.1s.gif in Resources */,
				79B8243E1E08431600078617 /* frame_19_delay-0.1s.gif in Resources */,
				79B8242B1E08431600078617 /* frame_0_delay-0.1s.gif in Resources */,
				79B824351E08431600078617 /* frame_10_delay-0.1s.gif in Resources */,
				79B8242C1E08431600078617 /* frame_1_delay-0.1s.gif in Resources */,
				79B8244D1E08431600078617 /* frame_34_delay-0.1s.gif in Resources */,
				79B8243B1E08431600078617 /* frame_16_delay-0.1s.gif in Resources */,
				79B824371E08431600078617 /* frame_12_delay-0.1s.gif in Resources */,
				79B8244B1E08431600078617 /* frame_32_delay-0.1s.gif in Resources */,
				79B824341E08431600078617 /* frame_9_delay-0.1s.gif in Resources */,
				79B8244E1E08431600078617 /* frame_35_delay-0.1s.gif in Resources */,
				79B8242D1E08431600078617 /* frame_2_delay-0.1s.gif in Resources */,
				79B824471E08431600078617 /* frame_28_delay-0.1s.gif in Resources */,
				79B823FB1E08417200078617 /* Assets.xcassets in Resources */,
				79B824451E08431600078617 /* frame_26_delay-0.1s.gif in Resources */,
				79B8244F1E08431600078617 /* frame_36_delay-0.1s.gif in Resources */,
				79B824431E08431600078617 /* frame_24_delay-0.1s.gif in Resources */,
				79B824441E08431600078617 /* frame_25_delay-0.1s.gif in Resources */,
				79B8242F1E08431600078617 /* frame_4_delay-0.1s.gif in Resources */,
				79B8244A1E08431600078617 /* frame_31_delay-0.1s.gif in Resources */,
				79B824361E08431600078617 /* frame_11_delay-0.1s.gif in Resources */,
				79B824301E08431600078617 /* frame_5_delay-0.1s.gif in Resources */,
				79B823F91E08417200078617 /* Main.storyboard in Resources */,
				79B824331E08431600078617 /* frame_8_delay-0.1s.gif in Resources */,
				79B8243D1E08431600078617 /* frame_18_delay-0.1s.gif in Resources */,
				79B824411E08431600078617 /* frame_22_delay-0.1s.gif in Resources */,
				79B8243A1E08431600078617 /* frame_15_delay-0.1s.gif in Resources */,
				79B824381E08431600078617 /* frame_13_delay-0.1s.gif in Resources */,
				79B824421E08431600078617 /* frame_23_delay-0.1s.gif in Resources */,
				79B824391E08431600078617 /* frame_14_delay-0.1s.gif in Resources */,
				79B8243F1E08431600078617 /* frame_20_delay-0.1s.gif in Resources */,
				79B824321E08431600078617 /* frame_7_delay-0.1s.gif in Resources */,
				79B8243C1E08431600078617 /* frame_17_delay-0.1s.gif in Resources */,
				79B8244C1E08431600078617 /* frame_33_delay-0.1s.gif in Resources */,
				79B8242E1E08431600078617 /* frame_3_delay-0.1s.gif in Resources */,
				79B824491E08431600078617 /* frame_30_delay-0.1s.gif in Resources */,
			);
			runOnlyForDeploymentPostprocessing = 0;
		};
/* End PBXResourcesBuildPhase section */

/* Begin PBXSourcesBuildPhase section */
		79B823EC1E08417100078617 /* Sources */ = {
			isa = PBXSourcesBuildPhase;
			buildActionMask = 2147483647;
			files = (
				79B823F61E08417200078617 /* ViewController.swift in Sources */,
				79B823F41E08417200078617 /* AppDelegate.swift in Sources */,
			);
			runOnlyForDeploymentPostprocessing = 0;
		};
/* End PBXSourcesBuildPhase section */

/* Begin PBXVariantGroup section */
		79B823F71E08417200078617 /* Main.storyboard */ = {
			isa = PBXVariantGroup;
			children = (
				79B823F81E08417200078617 /* Base */,
			);
			name = Main.storyboard;
			sourceTree = "<group>";
		};
		79B823FC1E08417200078617 /* LaunchScreen.storyboard */ = {
			isa = PBXVariantGroup;
			children = (
				79B823FD1E08417200078617 /* Base */,
			);
			name = LaunchScreen.storyboard;
			sourceTree = "<group>";
		};
/* End PBXVariantGroup section */

/* Begin XCBuildConfiguration section */
		79B824001E08417200078617 /* Debug */ = {
			isa = XCBuildConfiguration;
			buildSettings = {
				ALWAYS_SEARCH_USER_PATHS = NO;
				CLANG_ANALYZER_NONNULL = YES;
				CLANG_CXX_LANGUAGE_STANDARD = "gnu++0x";
				CLANG_CXX_LIBRARY = "libc++";
				CLANG_ENABLE_MODULES = YES;
				CLANG_ENABLE_OBJC_ARC = YES;
				CLANG_WARN_BOOL_CONVERSION = YES;
				CLANG_WARN_CONSTANT_CONVERSION = YES;
				CLANG_WARN_DIRECT_OBJC_ISA_USAGE = YES_ERROR;
				CLANG_WARN_DOCUMENTATION_COMMENTS = YES;
				CLANG_WARN_EMPTY_BODY = YES;
				CLANG_WARN_ENUM_CONVERSION = YES;
				CLANG_WARN_INFINITE_RECURSION = YES;
				CLANG_WARN_INT_CONVERSION = YES;
				CLANG_WARN_OBJC_ROOT_CLASS = YES_ERROR;
				CLANG_WARN_SUSPICIOUS_MOVE = YES;
				CLANG_WARN_UNREACHABLE_CODE = YES;
				CLANG_WARN__DUPLICATE_METHOD_MATCH = YES;
				"CODE_SIGN_IDENTITY[sdk=iphoneos*]" = "iPhone Developer";
				COPY_PHASE_STRIP = NO;
				DEBUG_INFORMATION_FORMAT = dwarf;
				ENABLE_STRICT_OBJC_MSGSEND = YES;
				ENABLE_TESTABILITY = YES;
				GCC_C_LANGUAGE_STANDARD = gnu99;
				GCC_DYNAMIC_NO_PIC = NO;
				GCC_NO_COMMON_BLOCKS = YES;
				GCC_OPTIMIZATION_LEVEL = 0;
				GCC_PREPROCESSOR_DEFINITIONS = (
					"DEBUG=1",
					"$(inherited)",
				);
				GCC_WARN_64_TO_32_BIT_CONVERSION = YES;
				GCC_WARN_ABOUT_RETURN_TYPE = YES_ERROR;
				GCC_WARN_UNDECLARED_SELECTOR = YES;
				GCC_WARN_UNINITIALIZED_AUTOS = YES_AGGRESSIVE;
				GCC_WARN_UNUSED_FUNCTION = YES;
				GCC_WARN_UNUSED_VARIABLE = YES;
				IPHONEOS_DEPLOYMENT_TARGET = 10.2;
				MTL_ENABLE_DEBUG_INFO = YES;
				ONLY_ACTIVE_ARCH = YES;
				SDKROOT = iphoneos;
				SWIFT_ACTIVE_COMPILATION_CONDITIONS = DEBUG;
				SWIFT_OPTIMIZATION_LEVEL = "-Onone";
			};
			name = Debug;
		};
		79B824011E08417200078617 /* Release */ = {
			isa = XCBuildConfiguration;
			buildSettings = {
				ALWAYS_SEARCH_USER_PATHS = NO;
				CLANG_ANALYZER_NONNULL = YES;
				CLANG_CXX_LANGUAGE_STANDARD = "gnu++0x";
				CLANG_CXX_LIBRARY = "libc++";
				CLANG_ENABLE_MODULES = YES;
				CLANG_ENABLE_OBJC_ARC = YES;
				CLANG_WARN_BOOL_CONVERSION = YES;
				CLANG_WARN_CONSTANT_CONVERSION = YES;
				CLANG_WARN_DIRECT_OBJC_ISA_USAGE = YES_ERROR;
				CLANG_WARN_DOCUMENTATION_COMMENTS = YES;
				CLANG_WARN_EMPTY_BODY = YES;
				CLANG_WARN_ENUM_CONVERSION = YES;
				CLANG_WARN_INFINITE_RECURSION = YES;
				CLANG_WARN_INT_CONVERSION = YES;
				CLANG_WARN_OBJC_ROOT_CLASS = YES_ERROR;
				CLANG_WARN_SUSPICIOUS_MOVE = YES;
				CLANG_WARN_UNREACHABLE_CODE = YES;
				CLANG_WARN__DUPLICATE_METHOD_MATCH = YES;
				"CODE_SIGN_IDENTITY[sdk=iphoneos*]" = "iPhone Developer";
				COPY_PHASE_STRIP = NO;
				DEBUG_INFORMATION_FORMAT = "dwarf-with-dsym";
				ENABLE_NS_ASSERTIONS = NO;
				ENABLE_STRICT_OBJC_MSGSEND = YES;
				GCC_C_LANGUAGE_STANDARD = gnu99;
				GCC_NO_COMMON_BLOCKS = YES;
				GCC_WARN_64_TO_32_BIT_CONVERSION = YES;
				GCC_WARN_ABOUT_RETURN_TYPE = YES_ERROR;
				GCC_WARN_UNDECLARED_SELECTOR = YES;
				GCC_WARN_UNINITIALIZED_AUTOS = YES_AGGRESSIVE;
				GCC_WARN_UNUSED_FUNCTION = YES;
				GCC_WARN_UNUSED_VARIABLE = YES;
				IPHONEOS_DEPLOYMENT_TARGET = 10.2;
				MTL_ENABLE_DEBUG_INFO = NO;
				SDKROOT = iphoneos;
				SWIFT_OPTIMIZATION_LEVEL = "-Owholemodule";
				VALIDATE_PRODUCT = YES;
			};
			name = Release;
		};
		79B824031E08417200078617 /* Debug */ = {
			isa = XCBuildConfiguration;
			buildSettings = {
				ASSETCATALOG_COMPILER_APPICON_NAME = AppIcon;
				DEVELOPMENT_TEAM = 8M22RP3VPG;
				INFOPLIST_FILE = Animations/Info.plist;
				LD_RUNPATH_SEARCH_PATHS = "$(inherited) @executable_path/Frameworks";
				PRODUCT_BUNDLE_IDENTIFIER = com.lion.Animations;
				PRODUCT_NAME = "$(TARGET_NAME)";
				SWIFT_VERSION = 3.0;
			};
			name = Debug;
		};
		79B824041E08417200078617 /* Release */ = {
			isa = XCBuildConfiguration;
			buildSettings = {
				ASSETCATALOG_COMPILER_APPICON_NAME = AppIcon;
				DEVELOPMENT_TEAM = 8M22RP3VPG;
				INFOPLIST_FILE = Animations/Info.plist;
				LD_RUNPATH_SEARCH_PATHS = "$(inherited) @executable_path/Frameworks";
				PRODUCT_BUNDLE_IDENTIFIER = com.lion.Animations;
				PRODUCT_NAME = "$(TARGET_NAME)";
				SWIFT_VERSION = 3.0;
			};
			name = Release;
		};
/* End XCBuildConfiguration section */

/* Begin XCConfigurationList section */
		79B823EB1E08417100078617 /* Build configuration list for PBXProject "Animations" */ = {
			isa = XCConfigurationList;
			buildConfigurations = (
				79B824001E08417200078617 /* Debug */,
				79B824011E08417200078617 /* Release */,
			);
			defaultConfigurationIsVisible = 0;
			defaultConfigurationName = Release;
		};
		79B824021E08417200078617 /* Build configuration list for PBXNativeTarget "Animations" */ = {
			isa = XCConfigurationList;
			buildConfigurations = (
				79B824031E08417200078617 /* Debug */,
				79B824041E08417200078617 /* Release */,
			);
			defaultConfigurationIsVisible = 0;
		};
/* End XCConfigurationList section */
	};
	rootObject = 79B823E81E08417100078617 /* Project object */;
}
